{
  "version": 4,
  "terraform_version": "0.12.7",
  "serial": 10,
  "lineage": "c1d77db4-084e-fa64-e082-49dd4c6f7e00",
  "outputs": {
    "Webserver-AD1": {
      "value": [
        "129.213.102.99"
      ],
      "type": [
        "tuple",
        [
          "string"
        ]
      ]
    },
    "Webserver-AD2": {
      "value": [
        "132.145.193.225"
      ],
      "type": [
        "tuple",
        [
          "string"
        ]
      ]
    }
  },
  "resources": [
    {
      "mode": "data",
      "type": "oci_identity_availability_domains",
      "name": "ashburn",
      "provider": "provider.oci",
      "instances": [
        {
          "schema_version": 0,
          "attributes": {
            "availability_domains": [
              {
                "compartment_id": "ocid1.tenancy.oc1..aaaaaaaaezm7kedbuv7pu6meitvebglynvoziw34z2n6ztoxsvlhkhmhbiaq",
                "id": "ocid1.availabilitydomain.oc1..aaaaaaaaztunlny6ae4yw2vghp5go2zceaonwp6wiioe3tnh2vlaxjjl2n3a",
                "name": "ODoQ:US-ASHBURN-AD-1"
              },
              {
                "compartment_id": "ocid1.tenancy.oc1..aaaaaaaaezm7kedbuv7pu6meitvebglynvoziw34z2n6ztoxsvlhkhmhbiaq",
                "id": "ocid1.availabilitydomain.oc1..aaaaaaaauvt2n7pijol7uqgdnnsoojcukrijtmcltvfwxazmitk235wyohta",
                "name": "ODoQ:US-ASHBURN-AD-2"
              },
              {
                "compartment_id": "ocid1.tenancy.oc1..aaaaaaaaezm7kedbuv7pu6meitvebglynvoziw34z2n6ztoxsvlhkhmhbiaq",
                "id": "ocid1.availabilitydomain.oc1..aaaaaaaatrwxaogr7dl4yschqtrmqrdv6uzis3mgbnomiagqrfhcb7mxsfdq",
                "name": "ODoQ:US-ASHBURN-AD-3"
              }
            ],
            "compartment_id": "ocid1.tenancy.oc1..aaaaaaaaezm7kedbuv7pu6meitvebglynvoziw34z2n6ztoxsvlhkhmhbiaq",
            "filter": null,
            "id": "2019-09-15 00:04:43.415115542 +0000 UTC"
          }
        }
      ]
    },
    {
      "mode": "managed",
      "type": "oci_core_instance",
      "name": "Webserver-AD1",
      "provider": "provider.oci",
      "instances": [
        {
          "schema_version": 0,
          "attributes": {
            "agent_config": [
              {
                "is_monitoring_disabled": false
              }
            ],
            "availability_domain": "ODoQ:US-ASHBURN-AD-1",
            "boot_volume_id": "ocid1.bootvolume.oc1.iad.abuwcljsgz2h4mt7q2ihynpamiskmwzhb6nm423lw653upjvdje5qc2ex6sa",
            "compartment_id": "ocid1.tenancy.oc1..aaaaaaaaezm7kedbuv7pu6meitvebglynvoziw34z2n6ztoxsvlhkhmhbiaq",
            "create_vnic_details": [
              {
                "assign_public_ip": "true",
                "defined_tags": {},
                "display_name": "primaryvnic",
                "freeform_tags": {},
                "hostname_label": "",
                "nsg_ids": null,
                "private_ip": "10.0.10.2",
                "skip_source_dest_check": false,
                "subnet_id": "ocid1.subnet.oc1.iad.aaaaaaaa5o7yjtgobv2appoduevv7ziakuhexs6qbqjfatie5plirgqur47q"
              }
            ],
            "dedicated_vm_host_id": null,
            "defined_tags": {},
            "display_name": "Webserver-ASHBURN_AD1",
            "extended_metadata": null,
            "fault_domain": "FAULT-DOMAIN-3",
            "freeform_tags": {},
            "hostname_label": "",
            "id": "ocid1.instance.oc1.iad.abuwcljsqrymdyjs6i2rxlew74sfqhet7mtdg72jmmjaui335ljhfjduiyvq",
            "image": "ocid1.image.oc1.iad.aaaaaaaaiu73xa6afjzskjwvt3j5shpmboxtlo7yw4xpeqpdz5czpde7px2a",
            "ipxe_script": null,
            "is_pv_encryption_in_transit_enabled": null,
            "launch_mode": "NATIVE",
            "launch_options": [
              {
                "boot_volume_type": "PARAVIRTUALIZED",
                "firmware": "UEFI_64",
                "is_consistent_volume_naming_enabled": false,
                "is_pv_encryption_in_transit_enabled": true,
                "network_type": "VFIO",
                "remote_data_volume_type": "PARAVIRTUALIZED"
              }
            ],
            "metadata": {
              "ssh_authorized_keys": "ssh-rsa AAAAB3NzaC1yc2EAAAADAQABAAABAQDIMJN5Mm4Jdlz2ap3EHYXpUZnurYDmYqwdXpFbCcoL7S+h9QYPmvtMBSoZsNquzVNAbPDQ3BeL/6mQLGVpv/+MYTcqwO5trT+mNyahW8jGMUcZ8nMzXMpbwLexxNRgPeq9dvPlCQaktzSqA7oY95vhzVKAuY795PDzaL7fIgw50fljmFxtLt/IUFb3ZyYDMw2GZrJJF6XhMRIfUSOGlA/0rJOySEeUostTWXUkqGkJ4TRrxELLi5UBfZ9+9aEFulXbulB/55MZkyf0bMhnYwwJIe8I+gQzHmrRKuJU4f/cIEUr9ah7v7i+iqeu8TaFfZOhDxz/Fo6R/b9uQW/C66Xb opc@terraform-central",
              "user_data": "IyEvYmluL2Jhc2ggLXgKZWNobyAnIyMjIyMjIyMjIyMjIyMjIyMjIyB3ZWJzZXJ2ZXIgdXNlcmRhdGEgYmVnaW5zICMjIyMjIyMjIyMjIyMjIyMjIyMjIycKdG91Y2ggfm9wYy91c2VyZGF0YS5gZGF0ZSArJXNgLnN0YXJ0CgojIGVjaG8gJyMjIyMjIyMjIyMgeXVtIHVwZGF0ZSBhbGwgIyMjIyMjIyMjIyMjIyMjJwojIHl1bSB1cGRhdGUgLXkKCmVjaG8gJyMjIyMjIyMjIyMgYmFzaWMgd2Vic2VydmVyICMjIyMjIyMjIyMjIyMjJwp5dW0gaW5zdGFsbCAteSBodHRwZApzeXN0ZW1jdGwgZW5hYmxlICBodHRwZC5zZXJ2aWNlCnN5c3RlbWN0bCBzdGFydCAgaHR0cGQuc2VydmljZQoKZWNobyAnPGh0bWw+PGhlYWQ+PC9oZWFkPjxib2R5PjxwcmU+PGNvZGU+JyA+IC92YXIvd3d3L2h0bWwvaW5kZXguaHRtbAplYWNoICcnID4+IC92YXIvd3d3L2h0bWwvaW5kZXguaHRtbAplY2hvICc8SDE+PHAgc3R5bGU9ImNvbG9yOnJlZDsiPicgPj4gL3Zhci93d3cvaHRtbC9pbmRleC5odG1sCgpob3N0bmFtZSA+PiAvdmFyL3d3dy9odG1sL2luZGV4Lmh0bWwKCmVjaG8gJzwvcD48L0gxPicgPj4gL3Zhci93d3cvaHRtbC9pbmRleC5odG1sCmVjaG8gJzxwPicgPj4gL3Zhci93d3cvaHRtbC9pbmRleC5odG1sCmVjaG8gJzxpbWcgc3JjPSJodHRwOi8vYml0Lmx5LzJOQmE4TUEiIGFsdD0iT09XMjAxOCIgYWxpZ249ImxlZnQiPicgPj4gL3Zhci93d3cvaHRtbC9pbmRleC5odG1sCgplY2hvICc8L2NvZGU+PC9wcmU+PC9ib2R5PjwvaHRtbD4nID4+IC92YXIvd3d3L2h0bWwvaW5kZXguaHRtbAoKZmlyZXdhbGwtb2ZmbGluZS1jbWQgLS1hZGQtc2VydmljZT1odHRwCnN5c3RlbWN0bCBlbmFibGUgIGZpcmV3YWxsZApzeXN0ZW1jdGwgcmVzdGFydCAgZmlyZXdhbGxkCgp0b3VjaCB+b3BjL3VzZXJkYXRhLmBkYXRlICslc2AuZmluaXNoCmVjaG8gJyMjIyMjIyMjIyMjIyMjIyMjIyMgd2Vic2VydmVyIHVzZXJkYXRhIGVuZHMgIyMjIyMjIyMjIyMjIyMjIyMjIyMjIyMnCg=="
            },
            "preserve_boot_volume": null,
            "private_ip": "10.0.10.2",
            "public_ip": "129.213.102.99",
            "region": "iad",
            "shape": "VM.Standard1.2",
            "source_details": [
              {
                "boot_volume_size_in_gbs": "47",
                "kms_key_id": "",
                "source_id": "ocid1.image.oc1.iad.aaaaaaaaiu73xa6afjzskjwvt3j5shpmboxtlo7yw4xpeqpdz5czpde7px2a",
                "source_type": "image"
              }
            ],
            "state": "RUNNING",
            "subnet_id": "ocid1.subnet.oc1.iad.aaaaaaaa5o7yjtgobv2appoduevv7ziakuhexs6qbqjfatie5plirgqur47q",
            "system_tags": {},
            "time_created": "2019-09-15 00:04:52.939 +0000 UTC",
            "time_maintenance_reboot_due": "",
            "timeouts": {
              "create": "60m",
              "delete": null,
              "update": null
            }
          },
          "private": "eyJlMmJmYjczMC1lY2FhLTExZTYtOGY4OC0zNDM2M2JjN2M0YzAiOnsiY3JlYXRlIjozNjAwMDAwMDAwMDAwLCJkZWxldGUiOjcyMDAwMDAwMDAwMDAsInVwZGF0ZSI6NzIwMDAwMDAwMDAwMH19",
          "depends_on": [
            "data.oci_identity_availability_domains.ashburn",
            "oci_core_subnet.subnet1"
          ]
        }
      ]
    },
    {
      "mode": "managed",
      "type": "oci_core_instance",
      "name": "Webserver-AD2",
      "provider": "provider.oci",
      "instances": [
        {
          "schema_version": 0,
          "attributes": {
            "agent_config": [
              {
                "is_monitoring_disabled": false
              }
            ],
            "availability_domain": "ODoQ:US-ASHBURN-AD-2",
            "boot_volume_id": "ocid1.bootvolume.oc1.iad.abuwcljrywxlqshfea7ijy44its5vlvyrkgcxcphvpp5o4drkmscjadtroga",
            "compartment_id": "ocid1.tenancy.oc1..aaaaaaaaezm7kedbuv7pu6meitvebglynvoziw34z2n6ztoxsvlhkhmhbiaq",
            "create_vnic_details": [
              {
                "assign_public_ip": "true",
                "defined_tags": {},
                "display_name": "primaryvnic",
                "freeform_tags": {},
                "hostname_label": "",
                "nsg_ids": null,
                "private_ip": "10.0.20.2",
                "skip_source_dest_check": false,
                "subnet_id": "ocid1.subnet.oc1.iad.aaaaaaaa6gb662oybrc5lzaecselrikgyexs4qhrwso3p4uqt7xfiltaygeq"
              }
            ],
            "dedicated_vm_host_id": null,
            "defined_tags": {},
            "display_name": "Webserver-AD2",
            "extended_metadata": null,
            "fault_domain": "FAULT-DOMAIN-2",
            "freeform_tags": {},
            "hostname_label": "",
            "id": "ocid1.instance.oc1.iad.abuwcljrrkemvikzkgmxo3mwqba7zrtk7xpo7qpuqgmqwkunnq25y23pd2rq",
            "image": "ocid1.image.oc1.iad.aaaaaaaaiu73xa6afjzskjwvt3j5shpmboxtlo7yw4xpeqpdz5czpde7px2a",
            "ipxe_script": null,
            "is_pv_encryption_in_transit_enabled": null,
            "launch_mode": "NATIVE",
            "launch_options": [
              {
                "boot_volume_type": "PARAVIRTUALIZED",
                "firmware": "UEFI_64",
                "is_consistent_volume_naming_enabled": false,
                "is_pv_encryption_in_transit_enabled": true,
                "network_type": "VFIO",
                "remote_data_volume_type": "PARAVIRTUALIZED"
              }
            ],
            "metadata": {
              "ssh_authorized_keys": "ssh-rsa AAAAB3NzaC1yc2EAAAADAQABAAABAQDIMJN5Mm4Jdlz2ap3EHYXpUZnurYDmYqwdXpFbCcoL7S+h9QYPmvtMBSoZsNquzVNAbPDQ3BeL/6mQLGVpv/+MYTcqwO5trT+mNyahW8jGMUcZ8nMzXMpbwLexxNRgPeq9dvPlCQaktzSqA7oY95vhzVKAuY795PDzaL7fIgw50fljmFxtLt/IUFb3ZyYDMw2GZrJJF6XhMRIfUSOGlA/0rJOySEeUostTWXUkqGkJ4TRrxELLi5UBfZ9+9aEFulXbulB/55MZkyf0bMhnYwwJIe8I+gQzHmrRKuJU4f/cIEUr9ah7v7i+iqeu8TaFfZOhDxz/Fo6R/b9uQW/C66Xb opc@terraform-central",
              "user_data": "IyEvYmluL2Jhc2ggLXgKZWNobyAnIyMjIyMjIyMjIyMjIyMjIyMjIyB3ZWJzZXJ2ZXIgdXNlcmRhdGEgYmVnaW5zICMjIyMjIyMjIyMjIyMjIyMjIyMjIycKdG91Y2ggfm9wYy91c2VyZGF0YS5gZGF0ZSArJXNgLnN0YXJ0CgojIGVjaG8gJyMjIyMjIyMjIyMgeXVtIHVwZGF0ZSBhbGwgIyMjIyMjIyMjIyMjIyMjJwojIHl1bSB1cGRhdGUgLXkKCmVjaG8gJyMjIyMjIyMjIyMgYmFzaWMgd2Vic2VydmVyICMjIyMjIyMjIyMjIyMjJwp5dW0gaW5zdGFsbCAteSBodHRwZApzeXN0ZW1jdGwgZW5hYmxlICBodHRwZC5zZXJ2aWNlCnN5c3RlbWN0bCBzdGFydCAgaHR0cGQuc2VydmljZQoKZWNobyAnPGh0bWw+PGhlYWQ+PC9oZWFkPjxib2R5PjxwcmU+PGNvZGU+JyA+IC92YXIvd3d3L2h0bWwvaW5kZXguaHRtbAplYWNoICcnID4+IC92YXIvd3d3L2h0bWwvaW5kZXguaHRtbAplY2hvICc8SDE+PHAgc3R5bGU9ImNvbG9yOnJlZDsiPicgPj4gL3Zhci93d3cvaHRtbC9pbmRleC5odG1sCgpob3N0bmFtZSA+PiAvdmFyL3d3dy9odG1sL2luZGV4Lmh0bWwKCmVjaG8gJzwvcD48L0gxPicgPj4gL3Zhci93d3cvaHRtbC9pbmRleC5odG1sCmVjaG8gJzxwPicgPj4gL3Zhci93d3cvaHRtbC9pbmRleC5odG1sCmVjaG8gJzxpbWcgc3JjPSJodHRwOi8vYml0Lmx5LzJOQmE4TUEiIGFsdD0iT09XMjAxOCIgYWxpZ249ImxlZnQiPicgPj4gL3Zhci93d3cvaHRtbC9pbmRleC5odG1sCgplY2hvICc8L2NvZGU+PC9wcmU+PC9ib2R5PjwvaHRtbD4nID4+IC92YXIvd3d3L2h0bWwvaW5kZXguaHRtbAoKZmlyZXdhbGwtb2ZmbGluZS1jbWQgLS1hZGQtc2VydmljZT1odHRwCnN5c3RlbWN0bCBlbmFibGUgIGZpcmV3YWxsZApzeXN0ZW1jdGwgcmVzdGFydCAgZmlyZXdhbGxkCgp0b3VjaCB+b3BjL3VzZXJkYXRhLmBkYXRlICslc2AuZmluaXNoCmVjaG8gJyMjIyMjIyMjIyMjIyMjIyMjIyMgd2Vic2VydmVyIHVzZXJkYXRhIGVuZHMgIyMjIyMjIyMjIyMjIyMjIyMjIyMjIyMnCg=="
            },
            "preserve_boot_volume": null,
            "private_ip": "10.0.20.2",
            "public_ip": "132.145.193.225",
            "region": "iad",
            "shape": "VM.Standard1.2",
            "source_details": [
              {
                "boot_volume_size_in_gbs": "47",
                "kms_key_id": "",
                "source_id": "ocid1.image.oc1.iad.aaaaaaaaiu73xa6afjzskjwvt3j5shpmboxtlo7yw4xpeqpdz5czpde7px2a",
                "source_type": "image"
              }
            ],
            "state": "RUNNING",
            "subnet_id": "ocid1.subnet.oc1.iad.aaaaaaaa6gb662oybrc5lzaecselrikgyexs4qhrwso3p4uqt7xfiltaygeq",
            "system_tags": {},
            "time_created": "2019-09-15 00:04:53.103 +0000 UTC",
            "time_maintenance_reboot_due": "",
            "timeouts": {
              "create": "60m",
              "delete": null,
              "update": null
            }
          },
          "private": "eyJlMmJmYjczMC1lY2FhLTExZTYtOGY4OC0zNDM2M2JjN2M0YzAiOnsiY3JlYXRlIjozNjAwMDAwMDAwMDAwLCJkZWxldGUiOjcyMDAwMDAwMDAwMDAsInVwZGF0ZSI6NzIwMDAwMDAwMDAwMH19",
          "depends_on": [
            "data.oci_identity_availability_domains.ashburn",
            "oci_core_subnet.subnet2"
          ]
        }
      ]
    },
    {
      "mode": "managed",
      "type": "oci_core_internet_gateway",
      "name": "igw",
      "provider": "provider.oci",
      "instances": [
        {
          "schema_version": 0,
          "attributes": {
            "compartment_id": "ocid1.tenancy.oc1..aaaaaaaaezm7kedbuv7pu6meitvebglynvoziw34z2n6ztoxsvlhkhmhbiaq",
            "defined_tags": {},
            "display_name": "igw",
            "enabled": true,
            "freeform_tags": {},
            "id": "ocid1.internetgateway.oc1.iad.aaaaaaaauavh5zraupiqezanrtmrqyafxndm4jdpejd5bvcrtzxkiri7mvuq",
            "state": "AVAILABLE",
            "time_created": "2019-09-14 23:52:19.262 +0000 UTC",
            "timeouts": null,
            "vcn_id": "ocid1.vcn.oc1.iad.aaaaaaaa5h4qudvpymufemgklzjlmjf5gqel2qimt7odpscmlazn2hn5iiaa"
          },
          "private": "eyJlMmJmYjczMC1lY2FhLTExZTYtOGY4OC0zNDM2M2JjN2M0YzAiOnsiY3JlYXRlIjo5MDAwMDAwMDAwMDAsImRlbGV0ZSI6OTAwMDAwMDAwMDAwLCJ1cGRhdGUiOjkwMDAwMDAwMDAwMH19",
          "depends_on": [
            "oci_core_virtual_network.vcn_w"
          ]
        }
      ]
    },
    {
      "mode": "managed",
      "type": "oci_core_route_table",
      "name": "rt1",
      "provider": "provider.oci",
      "instances": [
        {
          "schema_version": 0,
          "attributes": {
            "compartment_id": "ocid1.tenancy.oc1..aaaaaaaaezm7kedbuv7pu6meitvebglynvoziw34z2n6ztoxsvlhkhmhbiaq",
            "defined_tags": {},
            "display_name": "rt1",
            "freeform_tags": {},
            "id": "ocid1.routetable.oc1.iad.aaaaaaaaerqylslukvoqawfrzqvivs6bhvjb37dqiors3haxss77b33qdxbq",
            "route_rules": [
              {
                "cidr_block": "",
                "destination": "0.0.0.0/0",
                "destination_type": "CIDR_BLOCK",
                "network_entity_id": "ocid1.internetgateway.oc1.iad.aaaaaaaauavh5zraupiqezanrtmrqyafxndm4jdpejd5bvcrtzxkiri7mvuq"
              }
            ],
            "state": "AVAILABLE",
            "time_created": "2019-09-14 23:52:19.482 +0000 UTC",
            "timeouts": null,
            "vcn_id": "ocid1.vcn.oc1.iad.aaaaaaaa5h4qudvpymufemgklzjlmjf5gqel2qimt7odpscmlazn2hn5iiaa"
          },
          "private": "eyJlMmJmYjczMC1lY2FhLTExZTYtOGY4OC0zNDM2M2JjN2M0YzAiOnsiY3JlYXRlIjo5MDAwMDAwMDAwMDAsImRlbGV0ZSI6OTAwMDAwMDAwMDAwLCJ1cGRhdGUiOjkwMDAwMDAwMDAwMH19",
          "depends_on": [
            "oci_core_internet_gateway.igw",
            "oci_core_virtual_network.vcn_w"
          ]
        }
      ]
    },
    {
      "mode": "managed",
      "type": "oci_core_security_list",
      "name": "sl_w",
      "provider": "provider.oci",
      "instances": [
        {
          "schema_version": 0,
          "attributes": {
            "compartment_id": "ocid1.tenancy.oc1..aaaaaaaaezm7kedbuv7pu6meitvebglynvoziw34z2n6ztoxsvlhkhmhbiaq",
            "defined_tags": {},
            "display_name": "sl-loadbalancer",
            "egress_security_rules": [
              {
                "destination": "0.0.0.0/0",
                "destination_type": "CIDR_BLOCK",
                "icmp_options": [],
                "protocol": "all",
                "stateless": false,
                "tcp_options": [],
                "udp_options": []
              }
            ],
            "freeform_tags": {},
            "id": "ocid1.securitylist.oc1.iad.aaaaaaaay6logdrliv43oaoorlyrubblnl6y5gjp4ojsgqzzuz24xhlxvdgq",
            "ingress_security_rules": [
              {
                "icmp_options": [
                  {
                    "code": -1,
                    "type": 0
                  }
                ],
                "protocol": "1",
                "source": "0.0.0.0/0",
                "source_type": "CIDR_BLOCK",
                "stateless": false,
                "tcp_options": [],
                "udp_options": []
              },
              {
                "icmp_options": [
                  {
                    "code": -1,
                    "type": 3
                  }
                ],
                "protocol": "1",
                "source": "0.0.0.0/0",
                "source_type": "CIDR_BLOCK",
                "stateless": false,
                "tcp_options": [],
                "udp_options": []
              },
              {
                "icmp_options": [
                  {
                    "code": -1,
                    "type": 8
                  }
                ],
                "protocol": "1",
                "source": "0.0.0.0/0",
                "source_type": "CIDR_BLOCK",
                "stateless": false,
                "tcp_options": [],
                "udp_options": []
              },
              {
                "icmp_options": [],
                "protocol": "6",
                "source": "0.0.0.0/0",
                "source_type": "CIDR_BLOCK",
                "stateless": false,
                "tcp_options": [
                  {
                    "max": 22,
                    "min": 22,
                    "source_port_range": []
                  }
                ],
                "udp_options": []
              },
              {
                "icmp_options": [],
                "protocol": "6",
                "source": "0.0.0.0/0",
                "source_type": "CIDR_BLOCK",
                "stateless": false,
                "tcp_options": [
                  {
                    "max": 443,
                    "min": 443,
                    "source_port_range": []
                  }
                ],
                "udp_options": []
              },
              {
                "icmp_options": [],
                "protocol": "6",
                "source": "0.0.0.0/0",
                "source_type": "CIDR_BLOCK",
                "stateless": false,
                "tcp_options": [
                  {
                    "max": 80,
                    "min": 80,
                    "source_port_range": []
                  }
                ],
                "udp_options": []
              }
            ],
            "state": "AVAILABLE",
            "time_created": "2019-09-15 00:04:46.698 +0000 UTC",
            "timeouts": null,
            "vcn_id": "ocid1.vcn.oc1.iad.aaaaaaaa5h4qudvpymufemgklzjlmjf5gqel2qimt7odpscmlazn2hn5iiaa"
          },
          "private": "eyJlMmJmYjczMC1lY2FhLTExZTYtOGY4OC0zNDM2M2JjN2M0YzAiOnsiY3JlYXRlIjo5MDAwMDAwMDAwMDAsImRlbGV0ZSI6OTAwMDAwMDAwMDAwLCJ1cGRhdGUiOjkwMDAwMDAwMDAwMH19",
          "depends_on": [
            "oci_core_virtual_network.vcn_w"
          ]
        }
      ]
    },
    {
      "mode": "managed",
      "type": "oci_core_subnet",
      "name": "subnet1",
      "provider": "provider.oci",
      "instances": [
        {
          "schema_version": 0,
          "attributes": {
            "availability_domain": "ODoQ:US-ASHBURN-AD-1",
            "cidr_block": "10.0.10.0/24",
            "compartment_id": "ocid1.tenancy.oc1..aaaaaaaaezm7kedbuv7pu6meitvebglynvoziw34z2n6ztoxsvlhkhmhbiaq",
            "defined_tags": {},
            "dhcp_options_id": "ocid1.dhcpoptions.oc1.iad.aaaaaaaauvve52mcyihinldymfbb2lzqaxcudzo6qfmuoihl4y3ixtghnsfq",
            "display_name": "subnet1-AD1",
            "dns_label": null,
            "freeform_tags": {},
            "id": "ocid1.subnet.oc1.iad.aaaaaaaa5o7yjtgobv2appoduevv7ziakuhexs6qbqjfatie5plirgqur47q",
            "ipv6cidr_block": null,
            "ipv6public_cidr_block": null,
            "ipv6virtual_router_ip": null,
            "prohibit_public_ip_on_vnic": false,
            "route_table_id": "ocid1.routetable.oc1.iad.aaaaaaaaerqylslukvoqawfrzqvivs6bhvjb37dqiors3haxss77b33qdxbq",
            "security_list_ids": [
              "ocid1.securitylist.oc1.iad.aaaaaaaay6logdrliv43oaoorlyrubblnl6y5gjp4ojsgqzzuz24xhlxvdgq"
            ],
            "state": "AVAILABLE",
            "subnet_domain_name": null,
            "time_created": "2019-09-15 00:04:46.924 +0000 UTC",
            "timeouts": null,
            "vcn_id": "ocid1.vcn.oc1.iad.aaaaaaaa5h4qudvpymufemgklzjlmjf5gqel2qimt7odpscmlazn2hn5iiaa",
            "virtual_router_ip": "10.0.10.1",
            "virtual_router_mac": "00:00:17:D3:26:5A"
          },
          "private": "eyJlMmJmYjczMC1lY2FhLTExZTYtOGY4OC0zNDM2M2JjN2M0YzAiOnsiY3JlYXRlIjo5MDAwMDAwMDAwMDAsImRlbGV0ZSI6OTAwMDAwMDAwMDAwLCJ1cGRhdGUiOjkwMDAwMDAwMDAwMH19",
          "depends_on": [
            "data.oci_identity_availability_domains.ashburn",
            "oci_core_route_table.rt1",
            "oci_core_security_list.sl_w",
            "oci_core_virtual_network.vcn_w"
          ]
        }
      ]
    },
    {
      "mode": "managed",
      "type": "oci_core_subnet",
      "name": "subnet2",
      "provider": "provider.oci",
      "instances": [
        {
          "schema_version": 0,
          "attributes": {
            "availability_domain": "ODoQ:US-ASHBURN-AD-2",
            "cidr_block": "10.0.20.0/24",
            "compartment_id": "ocid1.tenancy.oc1..aaaaaaaaezm7kedbuv7pu6meitvebglynvoziw34z2n6ztoxsvlhkhmhbiaq",
            "defined_tags": {},
            "dhcp_options_id": "ocid1.dhcpoptions.oc1.iad.aaaaaaaauvve52mcyihinldymfbb2lzqaxcudzo6qfmuoihl4y3ixtghnsfq",
            "display_name": "subnet2-AD2",
            "dns_label": null,
            "freeform_tags": {},
            "id": "ocid1.subnet.oc1.iad.aaaaaaaa6gb662oybrc5lzaecselrikgyexs4qhrwso3p4uqt7xfiltaygeq",
            "ipv6cidr_block": null,
            "ipv6public_cidr_block": null,
            "ipv6virtual_router_ip": null,
            "prohibit_public_ip_on_vnic": false,
            "route_table_id": "ocid1.routetable.oc1.iad.aaaaaaaaerqylslukvoqawfrzqvivs6bhvjb37dqiors3haxss77b33qdxbq",
            "security_list_ids": [
              "ocid1.securitylist.oc1.iad.aaaaaaaay6logdrliv43oaoorlyrubblnl6y5gjp4ojsgqzzuz24xhlxvdgq"
            ],
            "state": "AVAILABLE",
            "subnet_domain_name": null,
            "time_created": "2019-09-15 00:04:47.144 +0000 UTC",
            "timeouts": null,
            "vcn_id": "ocid1.vcn.oc1.iad.aaaaaaaa5h4qudvpymufemgklzjlmjf5gqel2qimt7odpscmlazn2hn5iiaa",
            "virtual_router_ip": "10.0.20.1",
            "virtual_router_mac": "00:00:17:D3:26:5A"
          },
          "private": "eyJlMmJmYjczMC1lY2FhLTExZTYtOGY4OC0zNDM2M2JjN2M0YzAiOnsiY3JlYXRlIjo5MDAwMDAwMDAwMDAsImRlbGV0ZSI6OTAwMDAwMDAwMDAwLCJ1cGRhdGUiOjkwMDAwMDAwMDAwMH19",
          "depends_on": [
            "data.oci_identity_availability_domains.ashburn",
            "oci_core_route_table.rt1",
            "oci_core_security_list.sl_w",
            "oci_core_virtual_network.vcn_w"
          ]
        }
      ]
    },
    {
      "mode": "managed",
      "type": "oci_core_virtual_network",
      "name": "vcn_w",
      "provider": "provider.oci",
      "instances": [
        {
          "schema_version": 0,
          "attributes": {
            "cidr_block": "10.0.0.0/16",
            "compartment_id": "ocid1.tenancy.oc1..aaaaaaaaezm7kedbuv7pu6meitvebglynvoziw34z2n6ztoxsvlhkhmhbiaq",
            "default_dhcp_options_id": "ocid1.dhcpoptions.oc1.iad.aaaaaaaauvve52mcyihinldymfbb2lzqaxcudzo6qfmuoihl4y3ixtghnsfq",
            "default_route_table_id": "ocid1.routetable.oc1.iad.aaaaaaaaldcv5k5eyhxxoj2wyepnefxbq7wzjcmzplztkgnh5q6k3f5473ga",
            "default_security_list_id": "ocid1.securitylist.oc1.iad.aaaaaaaa553ue3qkzr5hu4hgiedohumy5obk2kdz7qsoeiyzqejeszsnh76q",
            "defined_tags": {},
            "display_name": "vcn_webserver",
            "dns_label": "vcn",
            "freeform_tags": {},
            "id": "ocid1.vcn.oc1.iad.aaaaaaaa5h4qudvpymufemgklzjlmjf5gqel2qimt7odpscmlazn2hn5iiaa",
            "ipv6cidr_block": null,
            "ipv6public_cidr_block": null,
            "is_ipv6enabled": null,
            "state": "AVAILABLE",
            "time_created": "2019-09-14 23:52:14.003 +0000 UTC",
            "timeouts": null,
            "vcn_domain_name": "vcn.oraclevcn.com"
          },
          "private": "eyJlMmJmYjczMC1lY2FhLTExZTYtOGY4OC0zNDM2M2JjN2M0YzAiOnsiY3JlYXRlIjo5MDAwMDAwMDAwMDAsImRlbGV0ZSI6OTAwMDAwMDAwMDAwLCJ1cGRhdGUiOjkwMDAwMDAwMDAwMH19"
        }
      ]
    }
  ]
}
